
Microsoft Visual Studio Solution File, Format Version 12.00
# Visual Studio Version 17
VisualStudioVersion = 17.14.36717.8
MinimumVisualStudioVersion = 10.0.40219.1
Project("{2150E333-8FDC-42A3-9474-1A3956D46DE8}") = "BlockchainService", "BlockchainService", "{02EA681E-C7D8-13C7-8484-4AC65E1B71E8}"
EndProject
Project("{FAE04EC0-301F-11D3-BF4B-00C04F79EFBC}") = "BlockchainService.Inrastructure", "BlockchainService.Inrastructure\BlockchainService.Inrastructure.csproj", "{A49A5514-F0FB-4B4E-BFD0-0225B738C76C}"
EndProject
Project("{FAE04EC0-301F-11D3-BF4B-00C04F79EFBC}") = "BlockchainService.Domain", "BlockchainService.Domain\BlockchainService.Domain.csproj", "{3D061D49-ADD2-46FD-A423-B7D63CFCF642}"
EndProject
Project("{FAE04EC0-301F-11D3-BF4B-00C04F79EFBC}") = "BlockchainService.Api", "BlockchainService.Api\BlockchainService.Api.csproj", "{17DCA92E-A17D-4913-9F7C-DD6C4418A62E}"
EndProject
Project("{2150E333-8FDC-42A3-9474-1A3956D46DE8}") = "AuthService", "AuthService", "{0D072A0D-AE72-4F85-9783-161616B968DE}"
EndProject
Project("{FAE04EC0-301F-11D3-BF4B-00C04F79EFBC}") = "AuthService.Api", "AuthService.Api\AuthService.Api.csproj", "{579DF8E1-4977-4EE5-AA89-57A6F23BBD75}"
EndProject
Project("{FAE04EC0-301F-11D3-BF4B-00C04F79EFBC}") = "AuthService.Domain", "AuthService.Domain\AuthService.Domain.csproj", "{CC502477-E6C8-4D06-885D-9AAA951CEB41}"
EndProject
Project("{FAE04EC0-301F-11D3-BF4B-00C04F79EFBC}") = "AuthService.Infrastructure", "AuthService.Infrastructure\AuthService.Infrastructure.csproj", "{357DEBC1-0A0C-4BBC-BE33-4E30F493FBCD}"
EndProject
Project("{2150E333-8FDC-42A3-9474-1A3956D46DE8}") = "Solution Items", "Solution Items", "{8EC462FD-D22E-90A8-E5CE-7E832BA40C5D}"
	ProjectSection(SolutionItems) = preProject
		docker-compose.yaml = docker-compose.yaml
	EndProjectSection
EndProject
Project("{2150E333-8FDC-42A3-9474-1A3956D46DE8}") = "MarketService", "MarketService", "{FEAF29E3-3DF0-4E06-9FCC-3FC0A03D5997}"
EndProject
Project("{FAE04EC0-301F-11D3-BF4B-00C04F79EFBC}") = "MarketService.Domain", "MarketService.Domain\MarketService.Domain.csproj", "{D712CB89-9A1A-4B30-86E3-07D2A425D535}"
EndProject
Project("{FAE04EC0-301F-11D3-BF4B-00C04F79EFBC}") = "MarketService.Infrastructure", "MarketService.Infrastructure\MarketService.Infrastructure.csproj", "{E194F560-B7DD-4D7E-B54C-5495AD602885}"
EndProject
Project("{FAE04EC0-301F-11D3-BF4B-00C04F79EFBC}") = "MarketService.Api", "MarketService.Api\MarketService.Api.csproj", "{16B46FA5-8A32-4679-A01F-509E63DB9456}"
EndProject
Global
	GlobalSection(SolutionConfigurationPlatforms) = preSolution
		Debug|Any CPU = Debug|Any CPU
		Release|Any CPU = Release|Any CPU
	EndGlobalSection
	GlobalSection(ProjectConfigurationPlatforms) = postSolution
		{A49A5514-F0FB-4B4E-BFD0-0225B738C76C}.Debug|Any CPU.ActiveCfg = Debug|Any CPU
		{A49A5514-F0FB-4B4E-BFD0-0225B738C76C}.Debug|Any CPU.Build.0 = Debug|Any CPU
		{A49A5514-F0FB-4B4E-BFD0-0225B738C76C}.Release|Any CPU.ActiveCfg = Release|Any CPU
		{A49A5514-F0FB-4B4E-BFD0-0225B738C76C}.Release|Any CPU.Build.0 = Release|Any CPU
		{3D061D49-ADD2-46FD-A423-B7D63CFCF642}.Debug|Any CPU.ActiveCfg = Debug|Any CPU
		{3D061D49-ADD2-46FD-A423-B7D63CFCF642}.Debug|Any CPU.Build.0 = Debug|Any CPU
		{3D061D49-ADD2-46FD-A423-B7D63CFCF642}.Release|Any CPU.ActiveCfg = Release|Any CPU
		{3D061D49-ADD2-46FD-A423-B7D63CFCF642}.Release|Any CPU.Build.0 = Release|Any CPU
		{17DCA92E-A17D-4913-9F7C-DD6C4418A62E}.Debug|Any CPU.ActiveCfg = Debug|Any CPU
		{17DCA92E-A17D-4913-9F7C-DD6C4418A62E}.Debug|Any CPU.Build.0 = Debug|Any CPU
		{17DCA92E-A17D-4913-9F7C-DD6C4418A62E}.Release|Any CPU.ActiveCfg = Release|Any CPU
		{17DCA92E-A17D-4913-9F7C-DD6C4418A62E}.Release|Any CPU.Build.0 = Release|Any CPU
		{579DF8E1-4977-4EE5-AA89-57A6F23BBD75}.Debug|Any CPU.ActiveCfg = Debug|Any CPU
		{579DF8E1-4977-4EE5-AA89-57A6F23BBD75}.Debug|Any CPU.Build.0 = Debug|Any CPU
		{579DF8E1-4977-4EE5-AA89-57A6F23BBD75}.Release|Any CPU.ActiveCfg = Release|Any CPU
		{579DF8E1-4977-4EE5-AA89-57A6F23BBD75}.Release|Any CPU.Build.0 = Release|Any CPU
		{CC502477-E6C8-4D06-885D-9AAA951CEB41}.Debug|Any CPU.ActiveCfg = Debug|Any CPU
		{CC502477-E6C8-4D06-885D-9AAA951CEB41}.Debug|Any CPU.Build.0 = Debug|Any CPU
		{CC502477-E6C8-4D06-885D-9AAA951CEB41}.Release|Any CPU.ActiveCfg = Release|Any CPU
		{CC502477-E6C8-4D06-885D-9AAA951CEB41}.Release|Any CPU.Build.0 = Release|Any CPU
		{357DEBC1-0A0C-4BBC-BE33-4E30F493FBCD}.Debug|Any CPU.ActiveCfg = Debug|Any CPU
		{357DEBC1-0A0C-4BBC-BE33-4E30F493FBCD}.Debug|Any CPU.Build.0 = Debug|Any CPU
		{357DEBC1-0A0C-4BBC-BE33-4E30F493FBCD}.Release|Any CPU.ActiveCfg = Release|Any CPU
		{357DEBC1-0A0C-4BBC-BE33-4E30F493FBCD}.Release|Any CPU.Build.0 = Release|Any CPU
		{D712CB89-9A1A-4B30-86E3-07D2A425D535}.Debug|Any CPU.ActiveCfg = Debug|Any CPU
		{D712CB89-9A1A-4B30-86E3-07D2A425D535}.Debug|Any CPU.Build.0 = Debug|Any CPU
		{D712CB89-9A1A-4B30-86E3-07D2A425D535}.Release|Any CPU.ActiveCfg = Release|Any CPU
		{D712CB89-9A1A-4B30-86E3-07D2A425D535}.Release|Any CPU.Build.0 = Release|Any CPU
		{E194F560-B7DD-4D7E-B54C-5495AD602885}.Debug|Any CPU.ActiveCfg = Debug|Any CPU
		{E194F560-B7DD-4D7E-B54C-5495AD602885}.Debug|Any CPU.Build.0 = Debug|Any CPU
		{E194F560-B7DD-4D7E-B54C-5495AD602885}.Release|Any CPU.ActiveCfg = Release|Any CPU
		{E194F560-B7DD-4D7E-B54C-5495AD602885}.Release|Any CPU.Build.0 = Release|Any CPU
		{16B46FA5-8A32-4679-A01F-509E63DB9456}.Debug|Any CPU.ActiveCfg = Debug|Any CPU
		{16B46FA5-8A32-4679-A01F-509E63DB9456}.Debug|Any CPU.Build.0 = Debug|Any CPU
		{16B46FA5-8A32-4679-A01F-509E63DB9456}.Release|Any CPU.ActiveCfg = Release|Any CPU
		{16B46FA5-8A32-4679-A01F-509E63DB9456}.Release|Any CPU.Build.0 = Release|Any CPU
	EndGlobalSection
	GlobalSection(SolutionProperties) = preSolution
		HideSolutionNode = FALSE
	EndGlobalSection
	GlobalSection(NestedProjects) = preSolution
		{A49A5514-F0FB-4B4E-BFD0-0225B738C76C} = {02EA681E-C7D8-13C7-8484-4AC65E1B71E8}
		{3D061D49-ADD2-46FD-A423-B7D63CFCF642} = {02EA681E-C7D8-13C7-8484-4AC65E1B71E8}
		{17DCA92E-A17D-4913-9F7C-DD6C4418A62E} = {02EA681E-C7D8-13C7-8484-4AC65E1B71E8}
		{579DF8E1-4977-4EE5-AA89-57A6F23BBD75} = {0D072A0D-AE72-4F85-9783-161616B968DE}
		{CC502477-E6C8-4D06-885D-9AAA951CEB41} = {0D072A0D-AE72-4F85-9783-161616B968DE}
		{357DEBC1-0A0C-4BBC-BE33-4E30F493FBCD} = {0D072A0D-AE72-4F85-9783-161616B968DE}
		{D712CB89-9A1A-4B30-86E3-07D2A425D535} = {FEAF29E3-3DF0-4E06-9FCC-3FC0A03D5997}
		{E194F560-B7DD-4D7E-B54C-5495AD602885} = {FEAF29E3-3DF0-4E06-9FCC-3FC0A03D5997}
		{16B46FA5-8A32-4679-A01F-509E63DB9456} = {FEAF29E3-3DF0-4E06-9FCC-3FC0A03D5997}
	EndGlobalSection
	GlobalSection(ExtensibilityGlobals) = postSolution
		SolutionGuid = {1A1DC1DF-632F-4C21-8725-96509536348D}
	EndGlobalSection
EndGlobal
